
Microsoft Visual Studio Solution File, Format Version 12.00
# Visual Studio Version 17
VisualStudioVersion = 17.3.32825.248
MinimumVisualStudioVersion = 10.0.40219.1
Project("{FAE04EC0-301F-11D3-BF4B-00C04F79EFBC}") = "MXHvaQLKOL", "MXHvaQLKOL\MXHvaQLKOL.csproj", "{4417D98C-8293-45B8-BEA8-3A21F74B3E61}"
EndProject
Global
	GlobalSection(SolutionConfigurationPlatforms) = preSolution
		Debug|Any CPU = Debug|Any CPU
		Release|Any CPU = Release|Any CPU
	EndGlobalSection
	GlobalSection(ProjectConfigurationPlatforms) = postSolution
		{4417D98C-8293-45B8-BEA8-3A21F74B3E61}.Debug|Any CPU.ActiveCfg = Debug|Any CPU
		{4417D98C-8293-45B8-BEA8-3A21F74B3E61}.Debug|Any CPU.Build.0 = Debug|Any CPU
		{4417D98C-8293-45B8-BEA8-3A21F74B3E61}.Release|Any CPU.ActiveCfg = Release|Any CPU
		{4417D98C-8293-45B8-BEA8-3A21F74B3E61}.Release|Any CPU.Build.0 = Release|Any CPU
	EndGlobalSection
	GlobalSection(SolutionProperties) = preSolution
		HideSolutionNode = FALSE
	EndGlobalSection
	GlobalSection(ExtensibilityGlobals) = postSolution
		SolutionGuid = {A468EA70-E60B-4D33-A6A3-4EFA710588BF}
	EndGlobalSection
EndGlobal
